{
  "object": {
    "pins": [
      {
        "package": "llbuild",
        "repositoryURL": "https://github.com/apple/swift-llbuild.git",
        "state": {
          "branch": "master",
          "revision": "21e3a72a093e88274faf3aff59c35af1a307e396",
          "version": null
        }
      },
      {
        "package": "SwiftPM",
        "repositoryURL": "https://github.com/apple/swift-package-manager.git",
        "state": {
          "branch": "master",
          "revision": "62e968345fd9281cfe56fb001b3b74086776d487",
          "version": null
        }
      }
    ]
  },
  "version": 1
}
